// !$*UTF8*$!
{
	archiveVersion = 1;
	classes = {
	};
	objectVersion = 46;
	objects = {

/* Begin PBXBuildFile section */
		D43CBA1E1AFB58A100644E7A /* AccessoryInputView.m in Sources */ = {isa = PBXBuildFile; fileRef = D43CBA1D1AFB58A100644E7A /* AccessoryInputView.m */; };
		D43CBA211AFBD9D800644E7A /* Datasource.m in Sources */ = {isa = PBXBuildFile; fileRef = D43CBA201AFBD9D800644E7A /* Datasource.m */; };
		D43CBA251AFC9C3000644E7A /* ModelMessage.m in Sources */ = {isa = PBXBuildFile; fileRef = D43CBA241AFC9C3000644E7A /* ModelMessage.m */; };
		D43CBA281AFC9C4E00644E7A /* ModelStatus.m in Sources */ = {isa = PBXBuildFile; fileRef = D43CBA271AFC9C4E00644E7A /* ModelStatus.m */; };
		D43CBA2B1AFC9C6B00644E7A /* Parser.m in Sources */ = {isa = PBXBuildFile; fileRef = D43CBA2A1AFC9C6B00644E7A /* Parser.m */; };
		D43CBA2C1AFC9C6B00644E7A /* Parser.m in Sources */ = {isa = PBXBuildFile; fileRef = D43CBA2A1AFC9C6B00644E7A /* Parser.m */; };
		D43CBA341AFE0D0500644E7A /* OptionButton.m in Sources */ = {isa = PBXBuildFile; fileRef = D43CBA331AFE0D0500644E7A /* OptionButton.m */; };
		D43CBA351AFE0D0500644E7A /* OptionButton.m in Sources */ = {isa = PBXBuildFile; fileRef = D43CBA331AFE0D0500644E7A /* OptionButton.m */; };
		D4D7E4991AF9433600A25168 /* main.m in Sources */ = {isa = PBXBuildFile; fileRef = D4D7E4981AF9433600A25168 /* main.m */; };
		D4D7E49C1AF9433600A25168 /* AppDelegate.m in Sources */ = {isa = PBXBuildFile; fileRef = D4D7E49B1AF9433600A25168 /* AppDelegate.m */; };
		D4D7E49F1AF9433600A25168 /* ViewController.m in Sources */ = {isa = PBXBuildFile; fileRef = D4D7E49E1AF9433600A25168 /* ViewController.m */; };
		D4D7E4A21AF9433600A25168 /* Main.storyboard in Resources */ = {isa = PBXBuildFile; fileRef = D4D7E4A01AF9433600A25168 /* Main.storyboard */; };
		D4D7E4A41AF9433600A25168 /* Images.xcassets in Resources */ = {isa = PBXBuildFile; fileRef = D4D7E4A31AF9433600A25168 /* Images.xcassets */; };
		D4D7E4A71AF9433600A25168 /* LaunchScreen.xib in Resources */ = {isa = PBXBuildFile; fileRef = D4D7E4A51AF9433600A25168 /* LaunchScreen.xib */; };
		D4D7E4B31AF9433600A25168 /* KeytopiaTests.m in Sources */ = {isa = PBXBuildFile; fileRef = D4D7E4B21AF9433600A25168 /* KeytopiaTests.m */; };
/* End PBXBuildFile section */

/* Begin PBXContainerItemProxy section */
		D4D7E4AD1AF9433600A25168 /* PBXContainerItemProxy */ = {
			isa = PBXContainerItemProxy;
			containerPortal = D4D7E48B1AF9433600A25168 /* Project object */;
			proxyType = 1;
			remoteGlobalIDString = D4D7E4921AF9433600A25168;
			remoteInfo = Keytopia;
		};
/* End PBXContainerItemProxy section */

/* Begin PBXFileReference section */
		D43CBA1C1AFB58A100644E7A /* AccessoryInputView.h */ = {isa = PBXFileReference; fileEncoding = 4; lastKnownFileType = sourcecode.c.h; path = AccessoryInputView.h; sourceTree = "<group>"; };
		D43CBA1D1AFB58A100644E7A /* AccessoryInputView.m */ = {isa = PBXFileReference; fileEncoding = 4; lastKnownFileType = sourcecode.c.objc; path = AccessoryInputView.m; sourceTree = "<group>"; };
		D43CBA1F1AFBD9D800644E7A /* Datasource.h */ = {isa = PBXFileReference; fileEncoding = 4; lastKnownFileType = sourcecode.c.h; path = Datasource.h; sourceTree = "<group>"; };
		D43CBA201AFBD9D800644E7A /* Datasource.m */ = {isa = PBXFileReference; fileEncoding = 4; lastKnownFileType = sourcecode.c.objc; path = Datasource.m; sourceTree = "<group>"; };
		D43CBA231AFC9C3000644E7A /* ModelMessage.h */ = {isa = PBXFileReference; fileEncoding = 4; lastKnownFileType = sourcecode.c.h; path = ModelMessage.h; sourceTree = "<group>"; };
		D43CBA241AFC9C3000644E7A /* ModelMessage.m */ = {isa = PBXFileReference; fileEncoding = 4; lastKnownFileType = sourcecode.c.objc; path = ModelMessage.m; sourceTree = "<group>"; };
		D43CBA261AFC9C4E00644E7A /* ModelStatus.h */ = {isa = PBXFileReference; fileEncoding = 4; lastKnownFileType = sourcecode.c.h; path = ModelStatus.h; sourceTree = "<group>"; };
		D43CBA271AFC9C4E00644E7A /* ModelStatus.m */ = {isa = PBXFileReference; fileEncoding = 4; lastKnownFileType = sourcecode.c.objc; path = ModelStatus.m; sourceTree = "<group>"; };
		D43CBA291AFC9C6B00644E7A /* Parser.h */ = {isa = PBXFileReference; fileEncoding = 4; lastKnownFileType = sourcecode.c.h; path = Parser.h; sourceTree = "<group>"; };
		D43CBA2A1AFC9C6B00644E7A /* Parser.m */ = {isa = PBXFileReference; fileEncoding = 4; lastKnownFileType = sourcecode.c.objc; path = Parser.m; sourceTree = "<group>"; };
		D43CBA301AFCE47400644E7A /* ModelProtocol.h */ = {isa = PBXFileReference; fileEncoding = 4; lastKnownFileType = sourcecode.c.h; path = ModelProtocol.h; sourceTree = "<group>"; };
		D43CBA321AFE0D0500644E7A /* OptionButton.h */ = {isa = PBXFileReference; fileEncoding = 4; lastKnownFileType = sourcecode.c.h; path = OptionButton.h; sourceTree = "<group>"; };
		D43CBA331AFE0D0500644E7A /* OptionButton.m */ = {isa = PBXFileReference; fileEncoding = 4; lastKnownFileType = sourcecode.c.objc; path = OptionButton.m; sourceTree = "<group>"; };
		D4D7E4931AF9433600A25168 /* Keytopia.app */ = {isa = PBXFileReference; explicitFileType = wrapper.application; includeInIndex = 0; path = Keytopia.app; sourceTree = BUILT_PRODUCTS_DIR; };
		D4D7E4971AF9433600A25168 /* Info.plist */ = {isa = PBXFileReference; lastKnownFileType = text.plist.xml; path = Info.plist; sourceTree = "<group>"; };
		D4D7E4981AF9433600A25168 /* main.m */ = {isa = PBXFileReference; lastKnownFileType = sourcecode.c.objc; path = main.m; sourceTree = "<group>"; };
		D4D7E49A1AF9433600A25168 /* AppDelegate.h */ = {isa = PBXFileReference; lastKnownFileType = sourcecode.c.h; path = AppDelegate.h; sourceTree = "<group>"; };
		D4D7E49B1AF9433600A25168 /* AppDelegate.m */ = {isa = PBXFileReference; lastKnownFileType = sourcecode.c.objc; path = AppDelegate.m; sourceTree = "<group>"; };
		D4D7E49D1AF9433600A25168 /* ViewController.h */ = {isa = PBXFileReference; lastKnownFileType = sourcecode.c.h; path = ViewController.h; sourceTree = "<group>"; };
		D4D7E49E1AF9433600A25168 /* ViewController.m */ = {isa = PBXFileReference; lastKnownFileType = sourcecode.c.objc; path = ViewController.m; sourceTree = "<group>"; };
		D4D7E4A11AF9433600A25168 /* Base */ = {isa = PBXFileReference; lastKnownFileType = file.storyboard; name = Base; path = Base.lproj/Main.storyboard; sourceTree = "<group>"; };
		D4D7E4A31AF9433600A25168 /* Images.xcassets */ = {isa = PBXFileReference; lastKnownFileType = folder.assetcatalog; path = Images.xcassets; sourceTree = "<group>"; };
		D4D7E4A61AF9433600A25168 /* Base */ = {isa = PBXFileReference; lastKnownFileType = file.xib; name = Base; path = Base.lproj/LaunchScreen.xib; sourceTree = "<group>"; };
		D4D7E4AC1AF9433600A25168 /* KeytopiaTests.xctest */ = {isa = PBXFileReference; explicitFileType = wrapper.cfbundle; includeInIndex = 0; path = KeytopiaTests.xctest; sourceTree = BUILT_PRODUCTS_DIR; };
		D4D7E4B11AF9433600A25168 /* Info.plist */ = {isa = PBXFileReference; lastKnownFileType = text.plist.xml; path = Info.plist; sourceTree = "<group>"; };
		D4D7E4B21AF9433600A25168 /* KeytopiaTests.m */ = {isa = PBXFileReference; lastKnownFileType = sourcecode.c.objc; path = KeytopiaTests.m; sourceTree = "<group>"; };
/* End PBXFileReference section */

/* Begin PBXFrameworksBuildPhase section */
		D4D7E4901AF9433600A25168 /* Frameworks */ = {
			isa = PBXFrameworksBuildPhase;
			buildActionMask = 2147483647;
			files = (
			);
			runOnlyForDeploymentPostprocessing = 0;
		};
		D4D7E4A91AF9433600A25168 /* Frameworks */ = {
			isa = PBXFrameworksBuildPhase;
			buildActionMask = 2147483647;
			files = (
			);
			runOnlyForDeploymentPostprocessing = 0;
		};
/* End PBXFrameworksBuildPhase section */

/* Begin PBXGroup section */
		D43CBA221AFC9C1500644E7A /* Models */ = {
			isa = PBXGroup;
			children = (
				D43CBA301AFCE47400644E7A /* ModelProtocol.h */,
				D43CBA231AFC9C3000644E7A /* ModelMessage.h */,
				D43CBA241AFC9C3000644E7A /* ModelMessage.m */,
				D43CBA261AFC9C4E00644E7A /* ModelStatus.h */,
				D43CBA271AFC9C4E00644E7A /* ModelStatus.m */,
			);
			name = Models;
			sourceTree = "<group>";
		};
		D43CBA2D1AFC9C7800644E7A /* Data */ = {
			isa = PBXGroup;
			children = (
				D43CBA1F1AFBD9D800644E7A /* Datasource.h */,
				D43CBA201AFBD9D800644E7A /* Datasource.m */,
				D43CBA291AFC9C6B00644E7A /* Parser.h */,
				D43CBA2A1AFC9C6B00644E7A /* Parser.m */,
			);
			name = Data;
			sourceTree = "<group>";
		};
		D43CBA2E1AFC9C9B00644E7A /* Assets & Interface */ = {
			isa = PBXGroup;
			children = (
				D4D7E4A01AF9433600A25168 /* Main.storyboard */,
				D4D7E4A31AF9433600A25168 /* Images.xcassets */,
				D4D7E4A51AF9433600A25168 /* LaunchScreen.xib */,
			);
			name = "Assets & Interface";
			sourceTree = "<group>";
		};
		D43CBA2F1AFC9D4E00644E7A /* Persistence */ = {
			isa = PBXGroup;
			children = (
			);
			name = Persistence;
			sourceTree = "<group>";
		};
		D43CBA311AFE0B0300644E7A /* InputView */ = {
			isa = PBXGroup;
			children = (
				D43CBA1C1AFB58A100644E7A /* AccessoryInputView.h */,
				D43CBA1D1AFB58A100644E7A /* AccessoryInputView.m */,
				D43CBA321AFE0D0500644E7A /* OptionButton.h */,
				D43CBA331AFE0D0500644E7A /* OptionButton.m */,
			);
			name = InputView;
			sourceTree = "<group>";
		};
		D4D7E48A1AF9433600A25168 = {
			isa = PBXGroup;
			children = (
				D4D7E4951AF9433600A25168 /* Keytopia */,
				D4D7E4AF1AF9433600A25168 /* KeytopiaTests */,
				D4D7E4941AF9433600A25168 /* Products */,
			);
			sourceTree = "<group>";
		};
		D4D7E4941AF9433600A25168 /* Products */ = {
			isa = PBXGroup;
			children = (
				D4D7E4931AF9433600A25168 /* Keytopia.app */,
				D4D7E4AC1AF9433600A25168 /* KeytopiaTests.xctest */,
			);
			name = Products;
			sourceTree = "<group>";
		};
		D4D7E4951AF9433600A25168 /* Keytopia */ = {
			isa = PBXGroup;
			children = (
				D43CBA311AFE0B0300644E7A /* InputView */,
				D43CBA2F1AFC9D4E00644E7A /* Persistence */,
				D43CBA2D1AFC9C7800644E7A /* Data */,
				D43CBA221AFC9C1500644E7A /* Models */,
				D4D7E49A1AF9433600A25168 /* AppDelegate.h */,
				D4D7E49B1AF9433600A25168 /* AppDelegate.m */,
				D4D7E49D1AF9433600A25168 /* ViewController.h */,
				D4D7E49E1AF9433600A25168 /* ViewController.m */,
				D43CBA2E1AFC9C9B00644E7A /* Assets & Interface */,
				D4D7E4961AF9433600A25168 /* Supporting Files */,
			);
			path = Keytopia;
			sourceTree = "<group>";
		};
		D4D7E4961AF9433600A25168 /* Supporting Files */ = {
			isa = PBXGroup;
			children = (
				D4D7E4971AF9433600A25168 /* Info.plist */,
				D4D7E4981AF9433600A25168 /* main.m */,
			);
			name = "Supporting Files";
			sourceTree = "<group>";
		};
		D4D7E4AF1AF9433600A25168 /* KeytopiaTests */ = {
			isa = PBXGroup;
			children = (
				D4D7E4B21AF9433600A25168 /* KeytopiaTests.m */,
				D4D7E4B01AF9433600A25168 /* Supporting Files */,
			);
			path = KeytopiaTests;
			sourceTree = "<group>";
		};
		D4D7E4B01AF9433600A25168 /* Supporting Files */ = {
			isa = PBXGroup;
			children = (
				D4D7E4B11AF9433600A25168 /* Info.plist */,
			);
			name = "Supporting Files";
			sourceTree = "<group>";
		};
/* End PBXGroup section */

/* Begin PBXNativeTarget section */
		D4D7E4921AF9433600A25168 /* Keytopia */ = {
			isa = PBXNativeTarget;
			buildConfigurationList = D4D7E4B61AF9433600A25168 /* Build configuration list for PBXNativeTarget "Keytopia" */;
			buildPhases = (
				D4D7E48F1AF9433600A25168 /* Sources */,
				D4D7E4901AF9433600A25168 /* Frameworks */,
				D4D7E4911AF9433600A25168 /* Resources */,
			);
			buildRules = (
			);
			dependencies = (
			);
			name = Keytopia;
			productName = Keytopia;
			productReference = D4D7E4931AF9433600A25168 /* Keytopia.app */;
			productType = "com.apple.product-type.application";
		};
		D4D7E4AB1AF9433600A25168 /* KeytopiaTests */ = {
			isa = PBXNativeTarget;
			buildConfigurationList = D4D7E4B91AF9433600A25168 /* Build configuration list for PBXNativeTarget "KeytopiaTests" */;
			buildPhases = (
				D4D7E4A81AF9433600A25168 /* Sources */,
				D4D7E4A91AF9433600A25168 /* Frameworks */,
				D4D7E4AA1AF9433600A25168 /* Resources */,
			);
			buildRules = (
			);
			dependencies = (
				D4D7E4AE1AF9433600A25168 /* PBXTargetDependency */,
			);
			name = KeytopiaTests;
			productName = KeytopiaTests;
			productReference = D4D7E4AC1AF9433600A25168 /* KeytopiaTests.xctest */;
			productType = "com.apple.product-type.bundle.unit-test";
		};
/* End PBXNativeTarget section */

/* Begin PBXProject section */
		D4D7E48B1AF9433600A25168 /* Project object */ = {
			isa = PBXProject;
			attributes = {
				LastUpgradeCheck = 0630;
				ORGANIZATIONNAME = cocoadelica;
				TargetAttributes = {
					D4D7E4921AF9433600A25168 = {
						CreatedOnToolsVersion = 6.3.1;
					};
					D4D7E4AB1AF9433600A25168 = {
						CreatedOnToolsVersion = 6.3.1;
						TestTargetID = D4D7E4921AF9433600A25168;
					};
				};
			};
			buildConfigurationList = D4D7E48E1AF9433600A25168 /* Build configuration list for PBXProject "Keytopia" */;
			compatibilityVersion = "Xcode 3.2";
			developmentRegion = English;
			hasScannedForEncodings = 0;
			knownRegions = (
				en,
				Base,
			);
			mainGroup = D4D7E48A1AF9433600A25168;
			productRefGroup = D4D7E4941AF9433600A25168 /* Products */;
			projectDirPath = "";
			projectRoot = "";
			targets = (
				D4D7E4921AF9433600A25168 /* Keytopia */,
				D4D7E4AB1AF9433600A25168 /* KeytopiaTests */,
			);
		};
/* End PBXProject section */

/* Begin PBXResourcesBuildPhase section */
		D4D7E4911AF9433600A25168 /* Resources */ = {
			isa = PBXResourcesBuildPhase;
			buildActionMask = 2147483647;
			files = (
				D4D7E4A21AF9433600A25168 /* Main.storyboard in Resources */,
				D4D7E4A71AF9433600A25168 /* LaunchScreen.xib in Resources */,
				D4D7E4A41AF9433600A25168 /* Images.xcassets in Resources */,
			);
			runOnlyForDeploymentPostprocessing = 0;
		};
		D4D7E4AA1AF9433600A25168 /* Resources */ = {
			isa = PBXResourcesBuildPhase;
			buildActionMask = 2147483647;
			files = (
			);
			runOnlyForDeploymentPostprocessing = 0;
		};
/* End PBXResourcesBuildPhase section */

/* Begin PBXSourcesBuildPhase section */
		D4D7E48F1AF9433600A25168 /* Sources */ = {
			isa = PBXSourcesBuildPhase;
			buildActionMask = 2147483647;
			files = (
				D43CBA2B1AFC9C6B00644E7A /* Parser.m in Sources */,
				D4D7E49F1AF9433600A25168 /* ViewController.m in Sources */,
				D43CBA281AFC9C4E00644E7A /* ModelStatus.m in Sources */,
				D4D7E49C1AF9433600A25168 /* AppDelegate.m in Sources */,
				D43CBA1E1AFB58A100644E7A /* AccessoryInputView.m in Sources */,
				D43CBA341AFE0D0500644E7A /* OptionButton.m in Sources */,
				D43CBA251AFC9C3000644E7A /* ModelMessage.m in Sources */,
				D43CBA211AFBD9D800644E7A /* Datasource.m in Sources */,
				D4D7E4991AF9433600A25168 /* main.m in Sources */,
			);
			runOnlyForDeploymentPostprocessing = 0;
		};
		D4D7E4A81AF9433600A25168 /* Sources */ = {
			isa = PBXSourcesBuildPhase;
			buildActionMask = 2147483647;
			files = (
				D43CBA2C1AFC9C6B00644E7A /* Parser.m in Sources */,
				D4D7E4B31AF9433600A25168 /* KeytopiaTests.m in Sources */,
				D43CBA351AFE0D0500644E7A /* OptionButton.m in Sources */,
			);
			runOnlyForDeploymentPostprocessing = 0;
		};
/* End PBXSourcesBuildPhase section */

/* Begin PBXTargetDependency section */
		D4D7E4AE1AF9433600A25168 /* PBXTargetDependency */ = {
			isa = PBXTargetDependency;
			target = D4D7E4921AF9433600A25168 /* Keytopia */;
			targetProxy = D4D7E4AD1AF9433600A25168 /* PBXContainerItemProxy */;
		};
/* End PBXTargetDependency section */

/* Begin PBXVariantGroup section */
		D4D7E4A01AF9433600A25168 /* Main.storyboard */ = {
			isa = PBXVariantGroup;
			children = (
				D4D7E4A11AF9433600A25168 /* Base */,
			);
			name = Main.storyboard;
			sourceTree = "<group>";
		};
		D4D7E4A51AF9433600A25168 /* LaunchScreen.xib */ = {
			isa = PBXVariantGroup;
			children = (
				D4D7E4A61AF9433600A25168 /* Base */,
			);
			name = LaunchScreen.xib;
			sourceTree = "<group>";
		};
/* End PBXVariantGroup section */

/* Begin XCBuildConfiguration section */
		D4D7E4B41AF9433600A25168 /* Debug */ = {
			isa = XCBuildConfiguration;
			buildSettings = {
				ALWAYS_SEARCH_USER_PATHS = NO;
				CLANG_CXX_LANGUAGE_STANDARD = "gnu++0x";
				CLANG_CXX_LIBRARY = "libc++";
				CLANG_ENABLE_MODULES = YES;
				CLANG_ENABLE_OBJC_ARC = YES;
				CLANG_WARN_BOOL_CONVERSION = YES;
				CLANG_WARN_CONSTANT_CONVERSION = YES;
				CLANG_WARN_DIRECT_OBJC_ISA_USAGE = YES_ERROR;
				CLANG_WARN_EMPTY_BODY = YES;
				CLANG_WARN_ENUM_CONVERSION = YES;
				CLANG_WARN_INT_CONVERSION = YES;
				CLANG_WARN_OBJC_ROOT_CLASS = YES_ERROR;
				CLANG_WARN_UNREACHABLE_CODE = YES;
				CLANG_WARN__DUPLICATE_METHOD_MATCH = YES;
				"CODE_SIGN_IDENTITY[sdk=iphoneos*]" = "iPhone Developer";
				COPY_PHASE_STRIP = NO;
				DEBUG_INFORMATION_FORMAT = "dwarf-with-dsym";
				ENABLE_STRICT_OBJC_MSGSEND = YES;
				GCC_C_LANGUAGE_STANDARD = gnu99;
				GCC_DYNAMIC_NO_PIC = NO;
				GCC_NO_COMMON_BLOCKS = YES;
				GCC_OPTIMIZATION_LEVEL = 0;
				GCC_PREPROCESSOR_DEFINITIONS = (
					"DEBUG=1",
					"$(inherited)",
				);
				GCC_SYMBOLS_PRIVATE_EXTERN = NO;
				GCC_WARN_64_TO_32_BIT_CONVERSION = YES;
				GCC_WARN_ABOUT_RETURN_TYPE = YES_ERROR;
				GCC_WARN_UNDECLARED_SELECTOR = YES;
				GCC_WARN_UNINITIALIZED_AUTOS = YES_AGGRESSIVE;
				GCC_WARN_UNUSED_FUNCTION = YES;
				GCC_WARN_UNUSED_VARIABLE = YES;
				IPHONEOS_DEPLOYMENT_TARGET = 8.3;
				MTL_ENABLE_DEBUG_INFO = YES;
				ONLY_ACTIVE_ARCH = YES;
				SDKROOT = iphoneos;
				TARGETED_DEVICE_FAMILY = "1,2";
			};
			name = Debug;
		};
		D4D7E4B51AF9433600A25168 /* Release */ = {
			isa = XCBuildConfiguration;
			buildSettings = {
				ALWAYS_SEARCH_USER_PATHS = NO;
				CLANG_CXX_LANGUAGE_STANDARD = "gnu++0x";
				CLANG_CXX_LIBRARY = "libc++";
				CLANG_ENABLE_MODULES = YES;
				CLANG_ENABLE_OBJC_ARC = YES;
				CLANG_WARN_BOOL_CONVERSION = YES;
				CLANG_WARN_CONSTANT_CONVERSION = YES;
				CLANG_WARN_DIRECT_OBJC_ISA_USAGE = YES_ERROR;
				CLANG_WARN_EMPTY_BODY = YES;
				CLANG_WARN_ENUM_CONVERSION = YES;
				CLANG_WARN_INT_CONVERSION = YES;
				CLANG_WARN_OBJC_ROOT_CLASS = YES_ERROR;
				CLANG_WARN_UNREACHABLE_CODE = YES;
				CLANG_WARN__DUPLICATE_METHOD_MATCH = YES;
				"CODE_SIGN_IDENTITY[sdk=iphoneos*]" = "iPhone Developer";
				COPY_PHASE_STRIP = NO;
				DEBUG_INFORMATION_FORMAT = "dwarf-with-dsym";
				ENABLE_NS_ASSERTIONS = NO;
				ENABLE_STRICT_OBJC_MSGSEND = YES;
				GCC_C_LANGUAGE_STANDARD = gnu99;
				GCC_NO_COMMON_BLOCKS = YES;
				GCC_WARN_64_TO_32_BIT_CONVERSION = YES;
				GCC_WARN_ABOUT_RETURN_TYPE = YES_ERROR;
				GCC_WARN_UNDECLARED_SELECTOR = YES;
				GCC_WARN_UNINITIALIZED_AUTOS = YES_AGGRESSIVE;
				GCC_WARN_UNUSED_FUNCTION = YES;
				GCC_WARN_UNUSED_VARIABLE = YES;
				IPHONEOS_DEPLOYMENT_TARGET = 8.3;
				MTL_ENABLE_DEBUG_INFO = NO;
				SDKROOT = iphoneos;
				TARGETED_DEVICE_FAMILY = "1,2";
				VALIDATE_PRODUCT = YES;
			};
			name = Release;
		};
		D4D7E4B71AF9433600A25168 /* Debug */ = {
			isa = XCBuildConfiguration;
			buildSettings = {
				ASSETCATALOG_COMPILER_APPICON_NAME = AppIcon;
				INFOPLIST_FILE = Keytopia/Info.plist;
				LD_RUNPATH_SEARCH_PATHS = "$(inherited) @executable_path/Frameworks";
				PRODUCT_NAME = "$(TARGET_NAME)";
			};
			name = Debug;
		};
		D4D7E4B81AF9433600A25168 /* Release */ = {
			isa = XCBuildConfiguration;
			buildSettings = {
				ASSETCATALOG_COMPILER_APPICON_NAME = AppIcon;
				INFOPLIST_FILE = Keytopia/Info.plist;
				LD_RUNPATH_SEARCH_PATHS = "$(inherited) @executable_path/Frameworks";
				PRODUCT_NAME = "$(TARGET_NAME)";
			};
			name = Release;
		};
		D4D7E4BA1AF9433600A25168 /* Debug */ = {
			isa = XCBuildConfiguration;
			buildSettings = {
				BUNDLE_LOADER = "$(TEST_HOST)";
				FRAMEWORK_SEARCH_PATHS = (
					"$(SDKROOT)/Developer/Library/Frameworks",
					"$(inherited)",
				);
				GCC_PREPROCESSOR_DEFINITIONS = (
					"DEBUG=1",
					"$(inherited)",
				);
				INFOPLIST_FILE = KeytopiaTests/Info.plist;
				LD_RUNPATH_SEARCH_PATHS = "$(inherited) @executable_path/Frameworks @loader_path/Frameworks";
				PRODUCT_NAME = "$(TARGET_NAME)";
				TEST_HOST = "$(BUILT_PRODUCTS_DIR)/Keytopia.app/Keytopia";
			};
			name = Debug;
		};
		D4D7E4BB1AF9433600A25168 /* Release */ = {
			isa = XCBuildConfiguration;
			buildSettings = {
				BUNDLE_LOADER = "$(TEST_HOST)";
				FRAMEWORK_SEARCH_PATHS = (
					"$(SDKROOT)/Developer/Library/Frameworks",
					"$(inherited)",
				);
				INFOPLIST_FILE = KeytopiaTests/Info.plist;
				LD_RUNPATH_SEARCH_PATHS = "$(inherited) @executable_path/Frameworks @loader_path/Frameworks";
				PRODUCT_NAME = "$(TARGET_NAME)";
				TEST_HOST = "$(BUILT_PRODUCTS_DIR)/Keytopia.app/Keytopia";
			};
			name = Release;
		};
/* End XCBuildConfiguration section */

/* Begin XCConfigurationList section */
		D4D7E48E1AF9433600A25168 /* Build configuration list for PBXProject "Keytopia" */ = {
			isa = XCConfigurationList;
			buildConfigurations = (
				D4D7E4B41AF9433600A25168 /* Debug */,
				D4D7E4B51AF9433600A25168 /* Release */,
			);
			defaultConfigurationIsVisible = 0;
			defaultConfigurationName = Release;
		};
		D4D7E4B61AF9433600A25168 /* Build configuration list for PBXNativeTarget "Keytopia" */ = {
			isa = XCConfigurationList;
			buildConfigurations = (
				D4D7E4B71AF9433600A25168 /* Debug */,
				D4D7E4B81AF9433600A25168 /* Release */,
			);
			defaultConfigurationIsVisible = 0;
			defaultConfigurationName = Release;
		};
		D4D7E4B91AF9433600A25168 /* Build configuration list for PBXNativeTarget "KeytopiaTests" */ = {
			isa = XCConfigurationList;
			buildConfigurations = (
				D4D7E4BA1AF9433600A25168 /* Debug */,
				D4D7E4BB1AF9433600A25168 /* Release */,
			);
			defaultConfigurationIsVisible = 0;
			defaultConfigurationName = Release;
		};
/* End XCConfigurationList section */
	};
	rootObject = D4D7E48B1AF9433600A25168 /* Project object */;
}
